<?xml version="1.0" encoding="utf-8"?>
<Project ToolsVersion="4.0" xmlns="http://schemas.microsoft.com/developer/msbuild/2003">
  <ItemGroup>
    <Filter Include="Source Files">
      <UniqueIdentifier>{4FC737F1-C7A5-4376-A066-2A32D752A2FF}</UniqueIdentifier>
      <Extensions>cpp;c;cc;cxx;def;odl;idl;hpj;bat;asm;asmx</Extensions>
    </Filter>
    <Filter Include="Header Files">
      <UniqueIdentifier>{93995380-89BD-4b04-88EB-625FBE52EBFB}</UniqueIdentifier>
      <Extensions>h;hh;hpp;hxx;hm;inl;inc;xsd</Extensions>
    </Filter>
    <Filter Include="Resource Files">
      <UniqueIdentifier>{67DA6AB6-F800-4c08-8B7A-83BB121AAD01}</UniqueIdentifier>
      <Extensions>rc;ico;cur;bmp;dlg;rc2;rct;bin;rgs;gif;jpg;jpeg;jpe;resx;tiff;tif;png;wav;mfcribbon-ms</Extensions>
    </Filter>
  </ItemGroup>
  <ItemGroup>
    <ClCompile Include="In-class-02.cpp">
      <Filter>Source Files</Filter>
    </ClCompile>
    <ClCompile Include="Assignment2a.cpp">
      <Filter>Source Files</Filter>
    </ClCompile>
    <ClCompile Include="Assignment2b.cpp">
      <Filter>Source Files</Filter>
    </ClCompile>
    <ClCompile Include="Assignment2c.cpp">
      <Filter>Source Files</Filter>
    </ClCompile>
    <ClCompile Include="Assignment2d.cpp">
      <Filter>Source Files</Filter>
    </ClCompile>
    <ClCompile Include="ICE03 Start Code.cpp">
      <Filter>Source Files</Filter>
    </ClCompile>
    <ClCompile Include="ICE03 Part2.cpp">
      <Filter>Source Files</Filter>
    </ClCompile>
    <ClCompile Include="Programming Assignment 3b.cpp">
      <Filter>Source Files</Filter>
    </ClCompile>
    <ClCompile Include="Programming Assignment 3c.cpp">
      <Filter>Source Files</Filter>
    </ClCompile>
    <ClCompile Include="ICE04-Part1.cpp">
      <Filter>Source Files</Filter>
    </ClCompile>
    <ClCompile Include="ICE05-Part1.cpp">
      <Filter>Source Files</Filter>
    </ClCompile>
    <ClCompile Include="ICE05-Part2.cpp">
      <Filter>Source Files</Filter>
    </ClCompile>
    <ClCompile Include="5.3 Chapter 5.cpp">
      <Filter>Source Files</Filter>
    </ClCompile>
    <ClCompile Include="Source.cpp">
      <Filter>Source Files</Filter>
    </ClCompile>
    <ClCompile Include="ICE06-Part1.cpp">
      <Filter>Source Files</Filter>
    </ClCompile>
    <ClCompile Include="ICE07-Part1.cpp">
      <Filter>Source Files</Filter>
    </ClCompile>
    <ClCompile Include="ICE08-Part1.cpp">
      <Filter>Source Files</Filter>
    </ClCompile>
    <ClCompile Include="ICE09.cpp">
      <Filter>Source Files</Filter>
    </ClCompile>
    <ClCompile Include="..\..\..\..\Downloads\Chapter 5 - LUIZ FILHO\5.2 Chapter 5.cpp">
      <Filter>Source Files</Filter>
    </ClCompile>
    <ClCompile Include="..\..\..\..\Downloads\Chapter 5 - LUIZ FILHO\5.4 Chapter 5.cpp">
      <Filter>Source Files</Filter>
    </ClCompile>
    <ClCompile Include="Programming Assignment 5a.cpp">
      <Filter>Source Files</Filter>
    </ClCompile>
    <ClCompile Include="Programming Assignment 5b.cpp">
      <Filter>Source Files</Filter>
    </ClCompile>
    <ClCompile Include="ICE10.cpp">
      <Filter>Source Files</Filter>
    </ClCompile>
    <ClCompile Include="Programming Assignment 6a.cpp">
      <Filter>Source Files</Filter>
    </ClCompile>
    <ClCompile Include="Programming Assignment 6b.cpp">
      <Filter>Source Files</Filter>
    </ClCompile>
    <ClCompile Include="Programming Assignment 6c.cpp">
      <Filter>Source Files</Filter>
    </ClCompile>
    <ClCompile Include="ICE11.cpp">
      <Filter>Source Files</Filter>
    </ClCompile>
    <ClCompile Include="ICE12.cpp">
      <Filter>Source Files</Filter>
    </ClCompile>
    <ClCompile Include="ICE13.cpp">
      <Filter>Source Files</Filter>
    </ClCompile>
    <ClCompile Include="Programming Assignment 7a.cpp">
      <Filter>Source Files</Filter>
    </ClCompile>
    <ClCompile Include="Programming Assignment 7b.cpp">
      <Filter>Source Files</Filter>
    </ClCompile>
    <ClCompile Include="Programming Assignment 7c.cpp">
      <Filter>Source Files</Filter>
    </ClCompile>
    <ClCompile Include="ICE14.cpp">
      <Filter>Source Files</Filter>
    </ClCompile>
    <ClCompile Include="ICE15-Part1.cpp">
      <Filter>Source Files</Filter>
    </ClCompile>
    <ClCompile Include="ICE14-Part2.cpp">
      <Filter>Source Files</Filter>
    </ClCompile>
    <ClCompile Include="ICE16.cpp">
      <Filter>Source Files</Filter>
    </ClCompile>
  </ItemGroup>
</Project>